Microsoft Visual Studio Solution File, Format Version 8.00
Project("{8BC9CEB8-8B4A-11D0-8D11-00A0C91BC942}") = "uoclient", "UoClient.vcproj", "{667DA75C-5D17-4F29-89E4-150CE6A077C4}"
	ProjectSection(ProjectDependencies) = postProject
	EndProjectSection
EndProject
Project("{8BC9CEB8-8B4A-11D0-8D11-00A0C91BC942}") = "fetchversion", "fetchversion\fetchversion.vcproj", "{3574EFA4-A176-42F0-983C-CC2CA43D4B51}"
	ProjectSection(ProjectDependencies) = postProject
	EndProjectSection
EndProject
Project("{8BC9CEB8-8B4A-11D0-8D11-00A0C91BC942}") = "7zip", "7zip\7zip.vcproj", "{44B19E5A-1B74-4F77-8B62-10780FF50D00}"
	ProjectSection(ProjectDependencies) = postProject
	EndProjectSection
EndProject
Global
	GlobalSection(DPCodeReviewSolutionGUID) = preSolution
		DPCodeReviewSolutionGUID = {00000000-0000-0000-0000-000000000000}
	EndGlobalSection
	GlobalSection(SolutionConfiguration) = preSolution
		Debug = Debug
		Release = Release
	EndGlobalSection
	GlobalSection(ProjectConfiguration) = postSolution
		{667DA75C-5D17-4F29-89E4-150CE6A077C4}.Debug.ActiveCfg = Debug|Win32
		{667DA75C-5D17-4F29-89E4-150CE6A077C4}.Debug.Build.0 = Debug|Win32
		{667DA75C-5D17-4F29-89E4-150CE6A077C4}.Release.ActiveCfg = Release|Win32
		{667DA75C-5D17-4F29-89E4-150CE6A077C4}.Release.Build.0 = Release|Win32
		{3574EFA4-A176-42F0-983C-CC2CA43D4B51}.Debug.ActiveCfg = Debug|Win32
		{3574EFA4-A176-42F0-983C-CC2CA43D4B51}.Debug.Build.0 = Debug|Win32
		{3574EFA4-A176-42F0-983C-CC2CA43D4B51}.Release.ActiveCfg = Release|Win32
		{3574EFA4-A176-42F0-983C-CC2CA43D4B51}.Release.Build.0 = Release|Win32
		{44B19E5A-1B74-4F77-8B62-10780FF50D00}.Debug.ActiveCfg = Debug|Win32
		{44B19E5A-1B74-4F77-8B62-10780FF50D00}.Debug.Build.0 = Debug|Win32
		{44B19E5A-1B74-4F77-8B62-10780FF50D00}.Release.ActiveCfg = Release|Win32
		{44B19E5A-1B74-4F77-8B62-10780FF50D00}.Release.Build.0 = Release|Win32
	EndGlobalSection
	GlobalSection(ExtensibilityGlobals) = postSolution
	EndGlobalSection
	GlobalSection(ExtensibilityAddIns) = postSolution
	EndGlobalSection
EndGlobal
